PODS:
  - OHHTTPStubs (5.0.0):
    - OHHTTPStubs/Default (= 5.0.0)
  - OHHTTPStubs/Core (5.0.0)
  - OHHTTPStubs/Default (5.0.0):
    - OHHTTPStubs/Core
    - OHHTTPStubs/JSON
    - OHHTTPStubs/NSURLSession
    - OHHTTPStubs/OHPathHelpers
  - OHHTTPStubs/JSON (5.0.0):
    - OHHTTPStubs/Core
  - OHHTTPStubs/NSURLSession (5.0.0):
    - OHHTTPStubs/Core
  - OHHTTPStubs/OHPathHelpers (5.0.0)
  - WSCoachMarksView (HEAD based on 0.2)

DEPENDENCIES:
  - OHHTTPStubs
  - WSCoachMarksView (HEAD)

SPEC CHECKSUMS:
  OHHTTPStubs: a5d2e9eea07869d42ec03338325f398bc520e159
  WSCoachMarksView: d1653c058c8289a300ddf28af9dd49eb659c9c42

COCOAPODS: 0.39.0
